dependencies:
- name: common
  repository: https://library-charts.k8s-at-home.com
  version: 4.5.2
- name: mariadb
  repository: https://charts.bitnami.com/bitnami
  version: 18.0.4
- name: postgresql
  repository: https://charts.bitnami.com/bitnami
  version: 14.3.3
digest: sha256:7c787e98c22c0d2d800b99acee453ab975a33c752f05d1a557653eb1a9c5ead2
generated: "2024-05-14T15:51:49.776896459Z"
