dependencies:
- name: common
  repository: https://library-charts.k8s-at-home.com
  version: 4.5.2
- name: mariadb
  repository: https://charts.bitnami.com/bitnami
  version: 19.1.0
- name: postgresql
  repository: https://charts.bitnami.com/bitnami
  version: 15.3.2
digest: sha256:d9e66acb5efec962deb7af2a7b5b8a041b57a12e112285cb8378c7609f402e9f
generated: "2024-10-10T10:46:34.255363994Z"
