dependencies:
- name: common
  repository: https://library-charts.k8s-at-home.com
  version: 4.5.2
- name: mariadb
  repository: https://charts.bitnami.com/bitnami
  version: 17.0.1
- name: postgresql
  repository: https://charts.bitnami.com/bitnami
  version: 14.0.1
digest: sha256:4e4a54167d797cfe98f6ca88897b8ec3b6e14c1b2f2dd6596f3e6a91ca91bb22
generated: "2024-03-20T14:31:25.85593121Z"
